// !$*UTF8*$!
{
	archiveVersion = 1;
	classes = {
	};
	objectVersion = 50;
	objects = {

/* Begin PBXBuildFile section */
		1801AE90223F28C40027A5DB /* ProjectLlistStatisticsModel.swift in Sources */ = {isa = PBXBuildFile; fileRef = 1801AE8F223F28C40027A5DB /* ProjectLlistStatisticsModel.swift */; };
		1801AE92223F2FE60027A5DB /* CustomerListStatisticsModel.swift in Sources */ = {isa = PBXBuildFile; fileRef = 1801AE91223F2FE60027A5DB /* CustomerListStatisticsModel.swift */; };
		1801AE94223F3A100027A5DB /* NewlyBuildVisitTextViewCell.swift in Sources */ = {isa = PBXBuildFile; fileRef = 1801AE93223F3A100027A5DB /* NewlyBuildVisitTextViewCell.swift */; };
		18026DE3223B894D00993B66 /* ProjectHomeCell.swift in Sources */ = {isa = PBXBuildFile; fileRef = 18026DE2223B894D00993B66 /* ProjectHomeCell.swift */; };
		18026DEA223B8DB300993B66 /* CustomerHomeController.swift in Sources */ = {isa = PBXBuildFile; fileRef = 18026DE9223B8DB300993B66 /* CustomerHomeController.swift */; };
		18026DED223B8EAC00993B66 /* CustomerHomeCell.swift in Sources */ = {isa = PBXBuildFile; fileRef = 18026DEC223B8EAC00993B66 /* CustomerHomeCell.swift */; };
		18026DEF223B9F7E00993B66 /* NewlyBuildVisitController.swift in Sources */ = {isa = PBXBuildFile; fileRef = 18026DEE223B9F7E00993B66 /* NewlyBuildVisitController.swift */; };
		18026DF1223BA3B300993B66 /* NewlyBuildVisitSeleCell.swift in Sources */ = {isa = PBXBuildFile; fileRef = 18026DF0223BA3B300993B66 /* NewlyBuildVisitSeleCell.swift */; };
		180273E5223B5A410033E083 /* ProjectListCell.swift in Sources */ = {isa = PBXBuildFile; fileRef = 180273E4223B5A410033E083 /* ProjectListCell.swift */; };
		180273E7223B7ACC0033E083 /* WrokHomeCell.swift in Sources */ = {isa = PBXBuildFile; fileRef = 180273E6223B7ACC0033E083 /* WrokHomeCell.swift */; };
		180B76FD2239DFCC0096403B /* VisitHomeCell.swift in Sources */ = {isa = PBXBuildFile; fileRef = 180B76FC2239DFCC0096403B /* VisitHomeCell.swift */; };
		180B77012239F8770096403B /* ProjectSegmentView.swift in Sources */ = {isa = PBXBuildFile; fileRef = 180B77002239F8770096403B /* ProjectSegmentView.swift */; };
		180B7707223A21D50096403B /* LoginController.swift in Sources */ = {isa = PBXBuildFile; fileRef = 180B7706223A21D50096403B /* LoginController.swift */; };
		180B7709223A34EC0096403B /* LoginModel.swift in Sources */ = {isa = PBXBuildFile; fileRef = 180B7708223A34EC0096403B /* LoginModel.swift */; };
		1810EC4C222F597C00CF6488 /* AppDelegate.swift in Sources */ = {isa = PBXBuildFile; fileRef = 1810EC4B222F597C00CF6488 /* AppDelegate.swift */; };
		1810EC53222F597D00CF6488 /* Assets.xcassets in Resources */ = {isa = PBXBuildFile; fileRef = 1810EC52222F597D00CF6488 /* Assets.xcassets */; };
		1810EC56222F597D00CF6488 /* LaunchScreen.storyboard in Resources */ = {isa = PBXBuildFile; fileRef = 1810EC54222F597D00CF6488 /* LaunchScreen.storyboard */; };
		1810EC73222F5D4100CF6488 /* Date.swift in Sources */ = {isa = PBXBuildFile; fileRef = 1810EC65222F5D4100CF6488 /* Date.swift */; };
		1810EC74222F5D4100CF6488 /* UiView.swift in Sources */ = {isa = PBXBuildFile; fileRef = 1810EC66222F5D4100CF6488 /* UiView.swift */; };
		1810EC75222F5D4100CF6488 /* Array.swift in Sources */ = {isa = PBXBuildFile; fileRef = 1810EC67222F5D4100CF6488 /* Array.swift */; };
		1810EC76222F5D4100CF6488 /* NamespaceWrappable.swift in Sources */ = {isa = PBXBuildFile; fileRef = 1810EC68222F5D4100CF6488 /* NamespaceWrappable.swift */; };
		1810EC77222F5D4100CF6488 /* UIColor.swift in Sources */ = {isa = PBXBuildFile; fileRef = 1810EC69222F5D4100CF6488 /* UIColor.swift */; };
		1810EC78222F5D4100CF6488 /* UITabBar.swift in Sources */ = {isa = PBXBuildFile; fileRef = 1810EC6A222F5D4100CF6488 /* UITabBar.swift */; };
		1810EC79222F5D4100CF6488 /* NSMutableAttributedString.swift in Sources */ = {isa = PBXBuildFile; fileRef = 1810EC6B222F5D4100CF6488 /* NSMutableAttributedString.swift */; };
		1810EC7A222F5D4100CF6488 /* Dictionary.swift in Sources */ = {isa = PBXBuildFile; fileRef = 1810EC6C222F5D4100CF6488 /* Dictionary.swift */; };
		1810EC7B222F5D4100CF6488 /* String.swift in Sources */ = {isa = PBXBuildFile; fileRef = 1810EC6D222F5D4100CF6488 /* String.swift */; };
		1810EC7C222F5D4100CF6488 /* UIButton.swift in Sources */ = {isa = PBXBuildFile; fileRef = 1810EC6E222F5D4100CF6488 /* UIButton.swift */; };
		1810EC7D222F5D4100CF6488 /* UIImage.swift in Sources */ = {isa = PBXBuildFile; fileRef = 1810EC6F222F5D4100CF6488 /* UIImage.swift */; };
		1810EC7E222F5D4100CF6488 /* UIFont.swift in Sources */ = {isa = PBXBuildFile; fileRef = 1810EC70222F5D4100CF6488 /* UIFont.swift */; };
		1810EC7F222F5D4100CF6488 /* MBProgressHUD.swift in Sources */ = {isa = PBXBuildFile; fileRef = 1810EC71222F5D4100CF6488 /* MBProgressHUD.swift */; };
		1810EC80222F5D4100CF6488 /* UITextView.swift in Sources */ = {isa = PBXBuildFile; fileRef = 1810EC72222F5D4100CF6488 /* UITextView.swift */; };
		1810EC8E222F5F2F00CF6488 /* UIBarButtonItemFixSpace.swift in Sources */ = {isa = PBXBuildFile; fileRef = 1810EC8B222F5F2E00CF6488 /* UIBarButtonItemFixSpace.swift */; };
		1810EC8F222F5F2F00CF6488 /* UIBarButtonItemExtension.swift in Sources */ = {isa = PBXBuildFile; fileRef = 1810EC8C222F5F2E00CF6488 /* UIBarButtonItemExtension.swift */; };
		1810EC90222F5F2F00CF6488 /* DispatchQueueExtension.swift in Sources */ = {isa = PBXBuildFile; fileRef = 1810EC8D222F5F2E00CF6488 /* DispatchQueueExtension.swift */; };
		1810EC93222F5F5300CF6488 /* MainNavigationController.swift in Sources */ = {isa = PBXBuildFile; fileRef = 1810EC92222F5F5300CF6488 /* MainNavigationController.swift */; };
		1810EC95222F5F6F00CF6488 /* GlobalData.swift in Sources */ = {isa = PBXBuildFile; fileRef = 1810EC94222F5F6F00CF6488 /* GlobalData.swift */; };
		1810EC97222F5F9500CF6488 /* UserInfo.swift in Sources */ = {isa = PBXBuildFile; fileRef = 1810EC96222F5F9500CF6488 /* UserInfo.swift */; };
		1811AA90224075010073A794 /* SeleVisitModelCell.swift in Sources */ = {isa = PBXBuildFile; fileRef = 1811AA8F224075010073A794 /* SeleVisitModelCell.swift */; };
		1811AA92224089BA0073A794 /* SeleVisitTimeView.swift in Sources */ = {isa = PBXBuildFile; fileRef = 1811AA91224089BA0073A794 /* SeleVisitTimeView.swift */; };
		1811AA942240E30D0073A794 /* ProjectListStatisticsModel.swift in Sources */ = {isa = PBXBuildFile; fileRef = 1811AA932240E30D0073A794 /* ProjectListStatisticsModel.swift */; };
		181788462238A7D60015DC30 /* HomePageController.swift in Sources */ = {isa = PBXBuildFile; fileRef = 181788452238A7D60015DC30 /* HomePageController.swift */; };
		181788482238AB5C0015DC30 /* VisitHomeController.swift in Sources */ = {isa = PBXBuildFile; fileRef = 181788472238AB5C0015DC30 /* VisitHomeController.swift */; };
		1817884A2238ABA90015DC30 /* ProjectHomeController.swift in Sources */ = {isa = PBXBuildFile; fileRef = 181788492238ABA90015DC30 /* ProjectHomeController.swift */; };
		1817884C2238ABE40015DC30 /* WrokHomeController.swift in Sources */ = {isa = PBXBuildFile; fileRef = 1817884B2238ABE40015DC30 /* WrokHomeController.swift */; };
		1817884E2238ADC00015DC30 /* MeHomeController.swift in Sources */ = {isa = PBXBuildFile; fileRef = 1817884D2238ADC00015DC30 /* MeHomeController.swift */; };
		181788502238D73F0015DC30 /* HomePageNoticeCell.swift in Sources */ = {isa = PBXBuildFile; fileRef = 1817884F2238D73F0015DC30 /* HomePageNoticeCell.swift */; };
		181788522238E0B00015DC30 /* HomePageHeaderView.swift in Sources */ = {isa = PBXBuildFile; fileRef = 181788512238E0B00015DC30 /* HomePageHeaderView.swift */; };
		181788542238E5F60015DC30 /* HomePageVisitCell.swift in Sources */ = {isa = PBXBuildFile; fileRef = 181788532238E5F60015DC30 /* HomePageVisitCell.swift */; };
		1830BE6322373C0D00ADC03A /* APIService.swift in Sources */ = {isa = PBXBuildFile; fileRef = 1830BE6222373C0D00ADC03A /* APIService.swift */; };
		1830BE6522373C4200ADC03A /* APIManager.swift in Sources */ = {isa = PBXBuildFile; fileRef = 1830BE6422373C4200ADC03A /* APIManager.swift */; };
		1833DD3A2241D9F600730FB9 /* VisitListModel.swift in Sources */ = {isa = PBXBuildFile; fileRef = 1833DD392241D9F600730FB9 /* VisitListModel.swift */; };
		18A7C967223F438E000B4007 /* NewlyBuildVisitSeleController.swift in Sources */ = {isa = PBXBuildFile; fileRef = 18A7C966223F438E000B4007 /* NewlyBuildVisitSeleController.swift */; };
		18A7C969223F7552000B4007 /* CustomerContactListModel.swift in Sources */ = {isa = PBXBuildFile; fileRef = 18A7C968223F7552000B4007 /* CustomerContactListModel.swift */; };
		18A7C96B223F7BA7000B4007 /* ProjectListModel.swift in Sources */ = {isa = PBXBuildFile; fileRef = 18A7C96A223F7BA7000B4007 /* ProjectListModel.swift */; };
		18A7C96D223F7E1B000B4007 /* NewlyBuildSeleCell.swift in Sources */ = {isa = PBXBuildFile; fileRef = 18A7C96C223F7E1B000B4007 /* NewlyBuildSeleCell.swift */; };
		18A7C96F223F9828000B4007 /* SeleVisitModelView.swift in Sources */ = {isa = PBXBuildFile; fileRef = 18A7C96E223F9828000B4007 /* SeleVisitModelView.swift */; };
		20086A34FD370732D57E936F /* Pods_LanTuOA.framework in Frameworks */ = {isa = PBXBuildFile; fileRef = 731155E08D0F4362D82C88E7 /* Pods_LanTuOA.framework */; };
/* End PBXBuildFile section */

/* Begin PBXFileReference section */
		0E003D983006C53E47A888DA /* Pods-LanTuOA.debug.xcconfig */ = {isa = PBXFileReference; includeInIndex = 1; lastKnownFileType = text.xcconfig; name = "Pods-LanTuOA.debug.xcconfig"; path = "Pods/Target Support Files/Pods-LanTuOA/Pods-LanTuOA.debug.xcconfig"; sourceTree = "<group>"; };
		1801AE8F223F28C40027A5DB /* ProjectLlistStatisticsModel.swift */ = {isa = PBXFileReference; lastKnownFileType = sourcecode.swift; path = ProjectLlistStatisticsModel.swift; sourceTree = "<group>"; };
		1801AE91223F2FE60027A5DB /* CustomerListStatisticsModel.swift */ = {isa = PBXFileReference; lastKnownFileType = sourcecode.swift; path = CustomerListStatisticsModel.swift; sourceTree = "<group>"; };
		1801AE93223F3A100027A5DB /* NewlyBuildVisitTextViewCell.swift */ = {isa = PBXFileReference; lastKnownFileType = sourcecode.swift; path = NewlyBuildVisitTextViewCell.swift; sourceTree = "<group>"; };
		18026DE2223B894D00993B66 /* ProjectHomeCell.swift */ = {isa = PBXFileReference; lastKnownFileType = sourcecode.swift; path = ProjectHomeCell.swift; sourceTree = "<group>"; };
		18026DE9223B8DB300993B66 /* CustomerHomeController.swift */ = {isa = PBXFileReference; lastKnownFileType = sourcecode.swift; path = CustomerHomeController.swift; sourceTree = "<group>"; };
		18026DEC223B8EAC00993B66 /* CustomerHomeCell.swift */ = {isa = PBXFileReference; lastKnownFileType = sourcecode.swift; path = CustomerHomeCell.swift; sourceTree = "<group>"; };
		18026DEE223B9F7E00993B66 /* NewlyBuildVisitController.swift */ = {isa = PBXFileReference; lastKnownFileType = sourcecode.swift; path = NewlyBuildVisitController.swift; sourceTree = "<group>"; };
		18026DF0223BA3B300993B66 /* NewlyBuildVisitSeleCell.swift */ = {isa = PBXFileReference; lastKnownFileType = sourcecode.swift; path = NewlyBuildVisitSeleCell.swift; sourceTree = "<group>"; };
		180273E4223B5A410033E083 /* ProjectListCell.swift */ = {isa = PBXFileReference; lastKnownFileType = sourcecode.swift; path = ProjectListCell.swift; sourceTree = "<group>"; };
		180273E6223B7ACC0033E083 /* WrokHomeCell.swift */ = {isa = PBXFileReference; lastKnownFileType = sourcecode.swift; path = WrokHomeCell.swift; sourceTree = "<group>"; };
		180B76FC2239DFCC0096403B /* VisitHomeCell.swift */ = {isa = PBXFileReference; lastKnownFileType = sourcecode.swift; path = VisitHomeCell.swift; sourceTree = "<group>"; };
		180B77002239F8770096403B /* ProjectSegmentView.swift */ = {isa = PBXFileReference; fileEncoding = 4; lastKnownFileType = sourcecode.swift; path = ProjectSegmentView.swift; sourceTree = "<group>"; };
		180B7706223A21D50096403B /* LoginController.swift */ = {isa = PBXFileReference; lastKnownFileType = sourcecode.swift; path = LoginController.swift; sourceTree = "<group>"; };
		180B7708223A34EC0096403B /* LoginModel.swift */ = {isa = PBXFileReference; lastKnownFileType = sourcecode.swift; path = LoginModel.swift; sourceTree = "<group>"; };
		1810EC48222F597C00CF6488 /* LanTuOA.app */ = {isa = PBXFileReference; explicitFileType = wrapper.application; includeInIndex = 0; path = LanTuOA.app; sourceTree = BUILT_PRODUCTS_DIR; };
		1810EC4B222F597C00CF6488 /* AppDelegate.swift */ = {isa = PBXFileReference; lastKnownFileType = sourcecode.swift; path = AppDelegate.swift; sourceTree = "<group>"; };
		1810EC52222F597D00CF6488 /* Assets.xcassets */ = {isa = PBXFileReference; lastKnownFileType = folder.assetcatalog; path = Assets.xcassets; sourceTree = "<group>"; };
		1810EC55222F597D00CF6488 /* Base */ = {isa = PBXFileReference; lastKnownFileType = file.storyboard; name = Base; path = Base.lproj/LaunchScreen.storyboard; sourceTree = "<group>"; };
		1810EC57222F597D00CF6488 /* Info.plist */ = {isa = PBXFileReference; lastKnownFileType = text.plist.xml; path = Info.plist; sourceTree = "<group>"; };
		1810EC65222F5D4100CF6488 /* Date.swift */ = {isa = PBXFileReference; fileEncoding = 4; lastKnownFileType = sourcecode.swift; path = Date.swift; sourceTree = "<group>"; };
		1810EC66222F5D4100CF6488 /* UiView.swift */ = {isa = PBXFileReference; fileEncoding = 4; lastKnownFileType = sourcecode.swift; path = UiView.swift; sourceTree = "<group>"; };
		1810EC67222F5D4100CF6488 /* Array.swift */ = {isa = PBXFileReference; fileEncoding = 4; lastKnownFileType = sourcecode.swift; path = Array.swift; sourceTree = "<group>"; };
		1810EC68222F5D4100CF6488 /* NamespaceWrappable.swift */ = {isa = PBXFileReference; fileEncoding = 4; lastKnownFileType = sourcecode.swift; path = NamespaceWrappable.swift; sourceTree = "<group>"; };
		1810EC69222F5D4100CF6488 /* UIColor.swift */ = {isa = PBXFileReference; fileEncoding = 4; lastKnownFileType = sourcecode.swift; path = UIColor.swift; sourceTree = "<group>"; };
		1810EC6A222F5D4100CF6488 /* UITabBar.swift */ = {isa = PBXFileReference; fileEncoding = 4; lastKnownFileType = sourcecode.swift; path = UITabBar.swift; sourceTree = "<group>"; };
		1810EC6B222F5D4100CF6488 /* NSMutableAttributedString.swift */ = {isa = PBXFileReference; fileEncoding = 4; lastKnownFileType = sourcecode.swift; path = NSMutableAttributedString.swift; sourceTree = "<group>"; };
		1810EC6C222F5D4100CF6488 /* Dictionary.swift */ = {isa = PBXFileReference; fileEncoding = 4; lastKnownFileType = sourcecode.swift; path = Dictionary.swift; sourceTree = "<group>"; };
		1810EC6D222F5D4100CF6488 /* String.swift */ = {isa = PBXFileReference; fileEncoding = 4; lastKnownFileType = sourcecode.swift; path = String.swift; sourceTree = "<group>"; };
		1810EC6E222F5D4100CF6488 /* UIButton.swift */ = {isa = PBXFileReference; fileEncoding = 4; lastKnownFileType = sourcecode.swift; path = UIButton.swift; sourceTree = "<group>"; };
		1810EC6F222F5D4100CF6488 /* UIImage.swift */ = {isa = PBXFileReference; fileEncoding = 4; lastKnownFileType = sourcecode.swift; path = UIImage.swift; sourceTree = "<group>"; };
		1810EC70222F5D4100CF6488 /* UIFont.swift */ = {isa = PBXFileReference; fileEncoding = 4; lastKnownFileType = sourcecode.swift; path = UIFont.swift; sourceTree = "<group>"; };
		1810EC71222F5D4100CF6488 /* MBProgressHUD.swift */ = {isa = PBXFileReference; fileEncoding = 4; lastKnownFileType = sourcecode.swift; path = MBProgressHUD.swift; sourceTree = "<group>"; };
		1810EC72222F5D4100CF6488 /* UITextView.swift */ = {isa = PBXFileReference; fileEncoding = 4; lastKnownFileType = sourcecode.swift; path = UITextView.swift; sourceTree = "<group>"; };
		1810EC8B222F5F2E00CF6488 /* UIBarButtonItemFixSpace.swift */ = {isa = PBXFileReference; fileEncoding = 4; lastKnownFileType = sourcecode.swift; path = UIBarButtonItemFixSpace.swift; sourceTree = "<group>"; };
		1810EC8C222F5F2E00CF6488 /* UIBarButtonItemExtension.swift */ = {isa = PBXFileReference; fileEncoding = 4; lastKnownFileType = sourcecode.swift; path = UIBarButtonItemExtension.swift; sourceTree = "<group>"; };
		1810EC8D222F5F2E00CF6488 /* DispatchQueueExtension.swift */ = {isa = PBXFileReference; fileEncoding = 4; lastKnownFileType = sourcecode.swift; path = DispatchQueueExtension.swift; sourceTree = "<group>"; };
		1810EC92222F5F5300CF6488 /* MainNavigationController.swift */ = {isa = PBXFileReference; fileEncoding = 4; lastKnownFileType = sourcecode.swift; path = MainNavigationController.swift; sourceTree = "<group>"; };
		1810EC94222F5F6F00CF6488 /* GlobalData.swift */ = {isa = PBXFileReference; fileEncoding = 4; lastKnownFileType = sourcecode.swift; path = GlobalData.swift; sourceTree = "<group>"; };
		1810EC96222F5F9500CF6488 /* UserInfo.swift */ = {isa = PBXFileReference; fileEncoding = 4; lastKnownFileType = sourcecode.swift; path = UserInfo.swift; sourceTree = "<group>"; };
		1810EC98222F5FE000CF6488 /* Header.h */ = {isa = PBXFileReference; lastKnownFileType = sourcecode.c.h; path = Header.h; sourceTree = "<group>"; };
		1811AA8F224075010073A794 /* SeleVisitModelCell.swift */ = {isa = PBXFileReference; lastKnownFileType = sourcecode.swift; path = SeleVisitModelCell.swift; sourceTree = "<group>"; };
		1811AA91224089BA0073A794 /* SeleVisitTimeView.swift */ = {isa = PBXFileReference; lastKnownFileType = sourcecode.swift; path = SeleVisitTimeView.swift; sourceTree = "<group>"; };
		1811AA932240E30D0073A794 /* ProjectListStatisticsModel.swift */ = {isa = PBXFileReference; lastKnownFileType = sourcecode.swift; path = ProjectListStatisticsModel.swift; sourceTree = "<group>"; };
		181788452238A7D60015DC30 /* HomePageController.swift */ = {isa = PBXFileReference; lastKnownFileType = sourcecode.swift; path = HomePageController.swift; sourceTree = "<group>"; };
		181788472238AB5C0015DC30 /* VisitHomeController.swift */ = {isa = PBXFileReference; lastKnownFileType = sourcecode.swift; path = VisitHomeController.swift; sourceTree = "<group>"; };
		181788492238ABA90015DC30 /* ProjectHomeController.swift */ = {isa = PBXFileReference; lastKnownFileType = sourcecode.swift; path = ProjectHomeController.swift; sourceTree = "<group>"; };
		1817884B2238ABE40015DC30 /* WrokHomeController.swift */ = {isa = PBXFileReference; lastKnownFileType = sourcecode.swift; path = WrokHomeController.swift; sourceTree = "<group>"; };
		1817884D2238ADC00015DC30 /* MeHomeController.swift */ = {isa = PBXFileReference; lastKnownFileType = sourcecode.swift; path = MeHomeController.swift; sourceTree = "<group>"; };
		1817884F2238D73F0015DC30 /* HomePageNoticeCell.swift */ = {isa = PBXFileReference; lastKnownFileType = sourcecode.swift; path = HomePageNoticeCell.swift; sourceTree = "<group>"; };
		181788512238E0B00015DC30 /* HomePageHeaderView.swift */ = {isa = PBXFileReference; lastKnownFileType = sourcecode.swift; path = HomePageHeaderView.swift; sourceTree = "<group>"; };
		181788532238E5F60015DC30 /* HomePageVisitCell.swift */ = {isa = PBXFileReference; lastKnownFileType = sourcecode.swift; path = HomePageVisitCell.swift; sourceTree = "<group>"; };
		1830BE6222373C0D00ADC03A /* APIService.swift */ = {isa = PBXFileReference; lastKnownFileType = sourcecode.swift; path = APIService.swift; sourceTree = "<group>"; };
		1830BE6422373C4200ADC03A /* APIManager.swift */ = {isa = PBXFileReference; lastKnownFileType = sourcecode.swift; path = APIManager.swift; sourceTree = "<group>"; };
		1833DD392241D9F600730FB9 /* VisitListModel.swift */ = {isa = PBXFileReference; lastKnownFileType = sourcecode.swift; path = VisitListModel.swift; sourceTree = "<group>"; };
		18A7C966223F438E000B4007 /* NewlyBuildVisitSeleController.swift */ = {isa = PBXFileReference; lastKnownFileType = sourcecode.swift; path = NewlyBuildVisitSeleController.swift; sourceTree = "<group>"; };
		18A7C968223F7552000B4007 /* CustomerContactListModel.swift */ = {isa = PBXFileReference; lastKnownFileType = sourcecode.swift; path = CustomerContactListModel.swift; sourceTree = "<group>"; };
		18A7C96A223F7BA7000B4007 /* ProjectListModel.swift */ = {isa = PBXFileReference; lastKnownFileType = sourcecode.swift; path = ProjectListModel.swift; sourceTree = "<group>"; };
		18A7C96C223F7E1B000B4007 /* NewlyBuildSeleCell.swift */ = {isa = PBXFileReference; lastKnownFileType = sourcecode.swift; path = NewlyBuildSeleCell.swift; sourceTree = "<group>"; };
		18A7C96E223F9828000B4007 /* SeleVisitModelView.swift */ = {isa = PBXFileReference; lastKnownFileType = sourcecode.swift; path = SeleVisitModelView.swift; sourceTree = "<group>"; };
		731155E08D0F4362D82C88E7 /* Pods_LanTuOA.framework */ = {isa = PBXFileReference; explicitFileType = wrapper.framework; includeInIndex = 0; path = Pods_LanTuOA.framework; sourceTree = BUILT_PRODUCTS_DIR; };
		CB24B3DA4D604F5B5FD3373A /* Pods-LanTuOA.release.xcconfig */ = {isa = PBXFileReference; includeInIndex = 1; lastKnownFileType = text.xcconfig; name = "Pods-LanTuOA.release.xcconfig"; path = "Pods/Target Support Files/Pods-LanTuOA/Pods-LanTuOA.release.xcconfig"; sourceTree = "<group>"; };
/* End PBXFileReference section */

/* Begin PBXFrameworksBuildPhase section */
		1810EC45222F597C00CF6488 /* Frameworks */ = {
			isa = PBXFrameworksBuildPhase;
			buildActionMask = 2147483647;
			files = (
				20086A34FD370732D57E936F /* Pods_LanTuOA.framework in Frameworks */,
			);
			runOnlyForDeploymentPostprocessing = 0;
		};
/* End PBXFrameworksBuildPhase section */

/* Begin PBXGroup section */
		18026DE4223B8D7800993B66 /* Customer */ = {
			isa = PBXGroup;
			children = (
				18026DE7223B8D8F00993B66 /* Model */,
				18026DE6223B8D8A00993B66 /* View */,
				18026DE5223B8D7F00993B66 /* Conteroller */,
			);
			path = Customer;
			sourceTree = "<group>";
		};
		18026DE5223B8D7F00993B66 /* Conteroller */ = {
			isa = PBXGroup;
			children = (
				18026DE9223B8DB300993B66 /* CustomerHomeController.swift */,
			);
			path = Conteroller;
			sourceTree = "<group>";
		};
		18026DE6223B8D8A00993B66 /* View */ = {
			isa = PBXGroup;
			children = (
				18026DEC223B8EAC00993B66 /* CustomerHomeCell.swift */,
			);
			path = View;
			sourceTree = "<group>";
		};
		18026DE7223B8D8F00993B66 /* Model */ = {
			isa = PBXGroup;
			children = (
				1801AE91223F2FE60027A5DB /* CustomerListStatisticsModel.swift */,
			);
			path = Model;
			sourceTree = "<group>";
		};
		180B7702223A21950096403B /* Login */ = {
			isa = PBXGroup;
			children = (
				180B7705223A21C20096403B /* Model */,
				180B7704223A21B80096403B /* View */,
				180B7703223A21A60096403B /* Conertoller */,
			);
			path = Login;
			sourceTree = "<group>";
		};
		180B7703223A21A60096403B /* Conertoller */ = {
			isa = PBXGroup;
			children = (
				180B7706223A21D50096403B /* LoginController.swift */,
			);
			path = Conertoller;
			sourceTree = "<group>";
		};
		180B7704223A21B80096403B /* View */ = {
			isa = PBXGroup;
			children = (
			);
			path = View;
			sourceTree = "<group>";
		};
		180B7705223A21C20096403B /* Model */ = {
			isa = PBXGroup;
			children = (
				180B7708223A34EC0096403B /* LoginModel.swift */,
			);
			path = Model;
			sourceTree = "<group>";
		};
		1810EC3F222F597C00CF6488 = {
			isa = PBXGroup;
			children = (
				1810EC4A222F597C00CF6488 /* LanTuOA */,
				1810EC49222F597C00CF6488 /* Products */,
				EED57A8C8F7C883857484850 /* Pods */,
				ADCDBC03F8C03A90CC14FFCB /* Frameworks */,
			);
			sourceTree = "<group>";
		};
		1810EC49222F597C00CF6488 /* Products */ = {
			isa = PBXGroup;
			children = (
				1810EC48222F597C00CF6488 /* LanTuOA.app */,
			);
			name = Products;
			sourceTree = "<group>";
		};
		1810EC4A222F597C00CF6488 /* LanTuOA */ = {
			isa = PBXGroup;
			children = (
				1810EC4B222F597C00CF6488 /* AppDelegate.swift */,
				1810EC5D222F5B7C00CF6488 /* Class */,
				1810EC64222F5D4100CF6488 /* Extensions */,
				1810EC61222F5CD600CF6488 /* Main */,
				1810EC81222F5D5300CF6488 /* Tool */,
				1810EC5F222F5BC600CF6488 /* Other */,
				1810EC5E222F5B9300CF6488 /* Resource */,
			);
			path = LanTuOA;
			sourceTree = "<group>";
		};
		1810EC5D222F5B7C00CF6488 /* Class */ = {
			isa = PBXGroup;
			children = (
				18026DE4223B8D7800993B66 /* Customer */,
				180B7702223A21950096403B /* Login */,
				1830BE6A2237A79C00ADC03A /* Me */,
				1830BE692237A78F00ADC03A /* Wrok */,
				1830BE682237A78600ADC03A /* Project */,
				1830BE672237A77700ADC03A /* Visit */,
				1830BE662237A76700ADC03A /* HomePage */,
			);
			path = Class;
			sourceTree = "<group>";
		};
		1810EC5E222F5B9300CF6488 /* Resource */ = {
			isa = PBXGroup;
			children = (
				1810EC52222F597D00CF6488 /* Assets.xcassets */,
				1810EC54222F597D00CF6488 /* LaunchScreen.storyboard */,
				1810EC57222F597D00CF6488 /* Info.plist */,
			);
			path = Resource;
			sourceTree = "<group>";
		};
		1810EC5F222F5BC600CF6488 /* Other */ = {
			isa = PBXGroup;
			children = (
				1810EC60222F5BCC00CF6488 /* Api */,
				1810EC8A222F5F2E00CF6488 /* Nav */,
				1810EC94222F5F6F00CF6488 /* GlobalData.swift */,
				1810EC98222F5FE000CF6488 /* Header.h */,
			);
			path = Other;
			sourceTree = "<group>";
		};
		1810EC60222F5BCC00CF6488 /* Api */ = {
			isa = PBXGroup;
			children = (
				1830BE6222373C0D00ADC03A /* APIService.swift */,
				1830BE6422373C4200ADC03A /* APIManager.swift */,
			);
			path = Api;
			sourceTree = "<group>";
		};
		1810EC61222F5CD600CF6488 /* Main */ = {
			isa = PBXGroup;
			children = (
				1810EC91222F5F5300CF6488 /* Controller */,
			);
			path = Main;
			sourceTree = "<group>";
		};
		1810EC64222F5D4100CF6488 /* Extensions */ = {
			isa = PBXGroup;
			children = (
				1810EC65222F5D4100CF6488 /* Date.swift */,
				1810EC66222F5D4100CF6488 /* UiView.swift */,
				1810EC67222F5D4100CF6488 /* Array.swift */,
				1810EC68222F5D4100CF6488 /* NamespaceWrappable.swift */,
				1810EC69222F5D4100CF6488 /* UIColor.swift */,
				1810EC6A222F5D4100CF6488 /* UITabBar.swift */,
				1810EC6B222F5D4100CF6488 /* NSMutableAttributedString.swift */,
				1810EC6C222F5D4100CF6488 /* Dictionary.swift */,
				1810EC6D222F5D4100CF6488 /* String.swift */,
				1810EC6E222F5D4100CF6488 /* UIButton.swift */,
				1810EC6F222F5D4100CF6488 /* UIImage.swift */,
				1810EC70222F5D4100CF6488 /* UIFont.swift */,
				1810EC71222F5D4100CF6488 /* MBProgressHUD.swift */,
				1810EC72222F5D4100CF6488 /* UITextView.swift */,
			);
			path = Extensions;
			sourceTree = "<group>";
		};
		1810EC81222F5D5300CF6488 /* Tool */ = {
			isa = PBXGroup;
			children = (
				1810EC96222F5F9500CF6488 /* UserInfo.swift */,
			);
			path = Tool;
			sourceTree = "<group>";
		};
		1810EC8A222F5F2E00CF6488 /* Nav */ = {
			isa = PBXGroup;
			children = (
				1810EC8B222F5F2E00CF6488 /* UIBarButtonItemFixSpace.swift */,
				1810EC8C222F5F2E00CF6488 /* UIBarButtonItemExtension.swift */,
				1810EC8D222F5F2E00CF6488 /* DispatchQueueExtension.swift */,
			);
			path = Nav;
			sourceTree = "<group>";
		};
		1810EC91222F5F5300CF6488 /* Controller */ = {
			isa = PBXGroup;
			children = (
				1810EC92222F5F5300CF6488 /* MainNavigationController.swift */,
			);
			path = Controller;
			sourceTree = "<group>";
		};
		1830BE662237A76700ADC03A /* HomePage */ = {
			isa = PBXGroup;
			children = (
				1830BE782237A82000ADC03A /* Controller */,
				1830BE792237A82000ADC03A /* Model */,
				1830BE7A2237A82000ADC03A /* View */,
			);
			path = HomePage;
			sourceTree = "<group>";
		};
		1830BE672237A77700ADC03A /* Visit */ = {
			isa = PBXGroup;
			children = (
				1830BE772237A81800ADC03A /* Controller */,
				1830BE762237A81800ADC03A /* Model */,
				1830BE752237A81800ADC03A /* View */,
			);
			path = Visit;
			sourceTree = "<group>";
		};
		1830BE682237A78600ADC03A /* Project */ = {
			isa = PBXGroup;
			children = (
				1830BE722237A80F00ADC03A /* Controller */,
				1830BE732237A80F00ADC03A /* Model */,
				1830BE742237A80F00ADC03A /* View */,
			);
			path = Project;
			sourceTree = "<group>";
		};
		1830BE692237A78F00ADC03A /* Wrok */ = {
			isa = PBXGroup;
			children = (
				1830BE702237A80700ADC03A /* Controller */,
				1830BE712237A80700ADC03A /* Model */,
				1830BE6F2237A80700ADC03A /* View */,
			);
			path = Wrok;
			sourceTree = "<group>";
		};
		1830BE6A2237A79C00ADC03A /* Me */ = {
			isa = PBXGroup;
			children = (
				1830BE6E2237A7CB00ADC03A /* Model */,
				1830BE6D2237A7BB00ADC03A /* Controller */,
				1830BE6C2237A7B600ADC03A /* View */,
			);
			path = Me;
			sourceTree = "<group>";
		};
		1830BE6C2237A7B600ADC03A /* View */ = {
			isa = PBXGroup;
			children = (
			);
			path = View;
			sourceTree = "<group>";
		};
		1830BE6D2237A7BB00ADC03A /* Controller */ = {
			isa = PBXGroup;
			children = (
				1817884D2238ADC00015DC30 /* MeHomeController.swift */,
			);
			path = Controller;
			sourceTree = "<group>";
		};
		1830BE6E2237A7CB00ADC03A /* Model */ = {
			isa = PBXGroup;
			children = (
			);
			path = Model;
			sourceTree = "<group>";
		};
		1830BE6F2237A80700ADC03A /* View */ = {
			isa = PBXGroup;
			children = (
				180273E6223B7ACC0033E083 /* WrokHomeCell.swift */,
			);
			path = View;
			sourceTree = "<group>";
		};
		1830BE702237A80700ADC03A /* Controller */ = {
			isa = PBXGroup;
			children = (
				1817884B2238ABE40015DC30 /* WrokHomeController.swift */,
			);
			path = Controller;
			sourceTree = "<group>";
		};
		1830BE712237A80700ADC03A /* Model */ = {
			isa = PBXGroup;
			children = (
			);
			path = Model;
			sourceTree = "<group>";
		};
		1830BE722237A80F00ADC03A /* Controller */ = {
			isa = PBXGroup;
			children = (
				181788492238ABA90015DC30 /* ProjectHomeController.swift */,
			);
			path = Controller;
			sourceTree = "<group>";
		};
		1830BE732237A80F00ADC03A /* Model */ = {
			isa = PBXGroup;
			children = (
				1801AE8F223F28C40027A5DB /* ProjectLlistStatisticsModel.swift */,
				1811AA932240E30D0073A794 /* ProjectListStatisticsModel.swift */,
			);
			path = Model;
			sourceTree = "<group>";
		};
		1830BE742237A80F00ADC03A /* View */ = {
			isa = PBXGroup;
			children = (
				180273E4223B5A410033E083 /* ProjectListCell.swift */,
				18026DE2223B894D00993B66 /* ProjectHomeCell.swift */,
			);
			path = View;
			sourceTree = "<group>";
		};
		1830BE752237A81800ADC03A /* View */ = {
			isa = PBXGroup;
			children = (
				180B77002239F8770096403B /* ProjectSegmentView.swift */,
				180B76FC2239DFCC0096403B /* VisitHomeCell.swift */,
				18026DF0223BA3B300993B66 /* NewlyBuildVisitSeleCell.swift */,
				1801AE93223F3A100027A5DB /* NewlyBuildVisitTextViewCell.swift */,
				18A7C96C223F7E1B000B4007 /* NewlyBuildSeleCell.swift */,
				18A7C96E223F9828000B4007 /* SeleVisitModelView.swift */,
				1811AA8F224075010073A794 /* SeleVisitModelCell.swift */,
				1811AA91224089BA0073A794 /* SeleVisitTimeView.swift */,
			);
			path = View;
			sourceTree = "<group>";
		};
		1830BE762237A81800ADC03A /* Model */ = {
			isa = PBXGroup;
			children = (
				18A7C968223F7552000B4007 /* CustomerContactListModel.swift */,
				18A7C96A223F7BA7000B4007 /* ProjectListModel.swift */,
				1833DD392241D9F600730FB9 /* VisitListModel.swift */,
			);
			path = Model;
			sourceTree = "<group>";
		};
		1830BE772237A81800ADC03A /* Controller */ = {
			isa = PBXGroup;
			children = (
				181788472238AB5C0015DC30 /* VisitHomeController.swift */,
				18026DEE223B9F7E00993B66 /* NewlyBuildVisitController.swift */,
				18A7C966223F438E000B4007 /* NewlyBuildVisitSeleController.swift */,
			);
			path = Controller;
			sourceTree = "<group>";
		};
		1830BE782237A82000ADC03A /* Controller */ = {
			isa = PBXGroup;
			children = (
				181788452238A7D60015DC30 /* HomePageController.swift */,
			);
			path = Controller;
			sourceTree = "<group>";
		};
		1830BE792237A82000ADC03A /* Model */ = {
			isa = PBXGroup;
			children = (
			);
			path = Model;
			sourceTree = "<group>";
		};
		1830BE7A2237A82000ADC03A /* View */ = {
			isa = PBXGroup;
			children = (
				1817884F2238D73F0015DC30 /* HomePageNoticeCell.swift */,
				181788512238E0B00015DC30 /* HomePageHeaderView.swift */,
				181788532238E5F60015DC30 /* HomePageVisitCell.swift */,
			);
			path = View;
			sourceTree = "<group>";
		};
		ADCDBC03F8C03A90CC14FFCB /* Frameworks */ = {
			isa = PBXGroup;
			children = (
				731155E08D0F4362D82C88E7 /* Pods_LanTuOA.framework */,
			);
			name = Frameworks;
			sourceTree = "<group>";
		};
		EED57A8C8F7C883857484850 /* Pods */ = {
			isa = PBXGroup;
			children = (
				0E003D983006C53E47A888DA /* Pods-LanTuOA.debug.xcconfig */,
				CB24B3DA4D604F5B5FD3373A /* Pods-LanTuOA.release.xcconfig */,
			);
			name = Pods;
			sourceTree = "<group>";
		};
/* End PBXGroup section */

/* Begin PBXNativeTarget section */
		1810EC47222F597C00CF6488 /* LanTuOA */ = {
			isa = PBXNativeTarget;
			buildConfigurationList = 1810EC5A222F597D00CF6488 /* Build configuration list for PBXNativeTarget "LanTuOA" */;
			buildPhases = (
				FBD512A736E1E8910349EB25 /* [CP] Check Pods Manifest.lock */,
				1810EC44222F597C00CF6488 /* Sources */,
				1810EC45222F597C00CF6488 /* Frameworks */,
				1810EC46222F597C00CF6488 /* Resources */,
				E379C831DA6ECF6896BFF338 /* [CP] Embed Pods Frameworks */,
			);
			buildRules = (
			);
			dependencies = (
			);
			name = LanTuOA;
			productName = LanTuOA;
			productReference = 1810EC48222F597C00CF6488 /* LanTuOA.app */;
			productType = "com.apple.product-type.application";
		};
/* End PBXNativeTarget section */

/* Begin PBXProject section */
		1810EC40222F597C00CF6488 /* Project object */ = {
			isa = PBXProject;
			attributes = {
				LastSwiftUpdateCheck = 1000;
				LastUpgradeCheck = 1000;
				ORGANIZATIONNAME = "广西蛋卷科技有限公司";
				TargetAttributes = {
					1810EC47222F597C00CF6488 = {
						CreatedOnToolsVersion = 10.0;
					};
				};
			};
			buildConfigurationList = 1810EC43222F597C00CF6488 /* Build configuration list for PBXProject "LanTuOA" */;
			compatibilityVersion = "Xcode 9.3";
			developmentRegion = en;
			hasScannedForEncodings = 0;
			knownRegions = (
				en,
				Base,
			);
			mainGroup = 1810EC3F222F597C00CF6488;
			productRefGroup = 1810EC49222F597C00CF6488 /* Products */;
			projectDirPath = "";
			projectRoot = "";
			targets = (
				1810EC47222F597C00CF6488 /* LanTuOA */,
			);
		};
/* End PBXProject section */

/* Begin PBXResourcesBuildPhase section */
		1810EC46222F597C00CF6488 /* Resources */ = {
			isa = PBXResourcesBuildPhase;
			buildActionMask = 2147483647;
			files = (
				1810EC56222F597D00CF6488 /* LaunchScreen.storyboard in Resources */,
				1810EC53222F597D00CF6488 /* Assets.xcassets in Resources */,
			);
			runOnlyForDeploymentPostprocessing = 0;
		};
/* End PBXResourcesBuildPhase section */

/* Begin PBXShellScriptBuildPhase section */
		E379C831DA6ECF6896BFF338 /* [CP] Embed Pods Frameworks */ = {
			isa = PBXShellScriptBuildPhase;
			buildActionMask = 2147483647;
			files = (
			);
			inputPaths = (
				"${SRCROOT}/Pods/Target Support Files/Pods-LanTuOA/Pods-LanTuOA-frameworks.sh",
				"${BUILT_PRODUCTS_DIR}/Alamofire/Alamofire.framework",
				"${BUILT_PRODUCTS_DIR}/FSCalendar/FSCalendar.framework",
				"${BUILT_PRODUCTS_DIR}/GPUImage/GPUImage.framework",
				"${BUILT_PRODUCTS_DIR}/HandyJSON/HandyJSON.framework",
				"${BUILT_PRODUCTS_DIR}/IQKeyboardManagerSwift/IQKeyboardManagerSwift.framework",
				"${BUILT_PRODUCTS_DIR}/MBProgressHUD/MBProgressHUD.framework",
				"${BUILT_PRODUCTS_DIR}/MJRefresh/MJRefresh.framework",
				"${BUILT_PRODUCTS_DIR}/Moya/Moya.framework",
				"${BUILT_PRODUCTS_DIR}/Result/Result.framework",
				"${BUILT_PRODUCTS_DIR}/SDWebImage/SDWebImage.framework",
				"${BUILT_PRODUCTS_DIR}/SnapKit/SnapKit.framework",
				"${BUILT_PRODUCTS_DIR}/YCMenuView/YCMenuView.framework",
				"${BUILT_PRODUCTS_DIR}/YYText/YYText.framework",
				"${BUILT_PRODUCTS_DIR}/ZLPhotoBrowser/ZLPhotoBrowser.framework",
			);
			name = "[CP] Embed Pods Frameworks";
			outputPaths = (
				"${TARGET_BUILD_DIR}/${FRAMEWORKS_FOLDER_PATH}/Alamofire.framework",
				"${TARGET_BUILD_DIR}/${FRAMEWORKS_FOLDER_PATH}/FSCalendar.framework",
				"${TARGET_BUILD_DIR}/${FRAMEWORKS_FOLDER_PATH}/GPUImage.framework",
				"${TARGET_BUILD_DIR}/${FRAMEWORKS_FOLDER_PATH}/HandyJSON.framework",
				"${TARGET_BUILD_DIR}/${FRAMEWORKS_FOLDER_PATH}/IQKeyboardManagerSwift.framework",
				"${TARGET_BUILD_DIR}/${FRAMEWORKS_FOLDER_PATH}/MBProgressHUD.framework",
				"${TARGET_BUILD_DIR}/${FRAMEWORKS_FOLDER_PATH}/MJRefresh.framework",
				"${TARGET_BUILD_DIR}/${FRAMEWORKS_FOLDER_PATH}/Moya.framework",
				"${TARGET_BUILD_DIR}/${FRAMEWORKS_FOLDER_PATH}/Result.framework",
				"${TARGET_BUILD_DIR}/${FRAMEWORKS_FOLDER_PATH}/SDWebImage.framework",
				"${TARGET_BUILD_DIR}/${FRAMEWORKS_FOLDER_PATH}/SnapKit.framework",
				"${TARGET_BUILD_DIR}/${FRAMEWORKS_FOLDER_PATH}/YCMenuView.framework",
				"${TARGET_BUILD_DIR}/${FRAMEWORKS_FOLDER_PATH}/YYText.framework",
				"${TARGET_BUILD_DIR}/${FRAMEWORKS_FOLDER_PATH}/ZLPhotoBrowser.framework",
			);
			runOnlyForDeploymentPostprocessing = 0;
			shellPath = /bin/sh;
			shellScript = "\"${SRCROOT}/Pods/Target Support Files/Pods-LanTuOA/Pods-LanTuOA-frameworks.sh\"\n";
			showEnvVarsInLog = 0;
		};
		FBD512A736E1E8910349EB25 /* [CP] Check Pods Manifest.lock */ = {
			isa = PBXShellScriptBuildPhase;
			buildActionMask = 2147483647;
			files = (
			);
			inputPaths = (
				"${PODS_PODFILE_DIR_PATH}/Podfile.lock",
				"${PODS_ROOT}/Manifest.lock",
			);
			name = "[CP] Check Pods Manifest.lock";
			outputPaths = (
				"$(DERIVED_FILE_DIR)/Pods-LanTuOA-checkManifestLockResult.txt",
			);
			runOnlyForDeploymentPostprocessing = 0;
			shellPath = /bin/sh;
			shellScript = "diff \"${PODS_PODFILE_DIR_PATH}/Podfile.lock\" \"${PODS_ROOT}/Manifest.lock\" > /dev/null\nif [ $? != 0 ] ; then\n    # print error to STDERR\n    echo \"error: The sandbox is not in sync with the Podfile.lock. Run 'pod install' or update your CocoaPods installation.\" >&2\n    exit 1\nfi\n# This output is used by Xcode 'outputs' to avoid re-running this script phase.\necho \"SUCCESS\" > \"${SCRIPT_OUTPUT_FILE_0}\"\n";
			showEnvVarsInLog = 0;
		};
/* End PBXShellScriptBuildPhase section */

/* Begin PBXSourcesBuildPhase section */
		1810EC44222F597C00CF6488 /* Sources */ = {
			isa = PBXSourcesBuildPhase;
			buildActionMask = 2147483647;
			files = (
				181788482238AB5C0015DC30 /* VisitHomeController.swift in Sources */,
				1830BE6522373C4200ADC03A /* APIManager.swift in Sources */,
				1801AE92223F2FE60027A5DB /* CustomerListStatisticsModel.swift in Sources */,
				1810EC74222F5D4100CF6488 /* UiView.swift in Sources */,
				1810EC7B222F5D4100CF6488 /* String.swift in Sources */,
				18A7C96B223F7BA7000B4007 /* ProjectListModel.swift in Sources */,
				18026DE3223B894D00993B66 /* ProjectHomeCell.swift in Sources */,
				1810EC7A222F5D4100CF6488 /* Dictionary.swift in Sources */,
				1810EC77222F5D4100CF6488 /* UIColor.swift in Sources */,
				1811AA90224075010073A794 /* SeleVisitModelCell.swift in Sources */,
				180B76FD2239DFCC0096403B /* VisitHomeCell.swift in Sources */,
				18026DEF223B9F7E00993B66 /* NewlyBuildVisitController.swift in Sources */,
				181788542238E5F60015DC30 /* HomePageVisitCell.swift in Sources */,
				1801AE94223F3A100027A5DB /* NewlyBuildVisitTextViewCell.swift in Sources */,
				1810EC75222F5D4100CF6488 /* Array.swift in Sources */,
				1810EC78222F5D4100CF6488 /* UITabBar.swift in Sources */,
				1810EC76222F5D4100CF6488 /* NamespaceWrappable.swift in Sources */,
				180B7707223A21D50096403B /* LoginController.swift in Sources */,
				1801AE90223F28C40027A5DB /* ProjectLlistStatisticsModel.swift in Sources */,
				1810EC73222F5D4100CF6488 /* Date.swift in Sources */,
				1817884C2238ABE40015DC30 /* WrokHomeController.swift in Sources */,
				180273E5223B5A410033E083 /* ProjectListCell.swift in Sources */,
				1810EC80222F5D4100CF6488 /* UITextView.swift in Sources */,
				180B7709223A34EC0096403B /* LoginModel.swift in Sources */,
				181788462238A7D60015DC30 /* HomePageController.swift in Sources */,
				1810EC8E222F5F2F00CF6488 /* UIBarButtonItemFixSpace.swift in Sources */,
				18026DED223B8EAC00993B66 /* CustomerHomeCell.swift in Sources */,
				1810EC8F222F5F2F00CF6488 /* UIBarButtonItemExtension.swift in Sources */,
				1810EC4C222F597C00CF6488 /* AppDelegate.swift in Sources */,
				1810EC7F222F5D4100CF6488 /* MBProgressHUD.swift in Sources */,
				1810EC7E222F5D4100CF6488 /* UIFont.swift in Sources */,
				1810EC79222F5D4100CF6488 /* NSMutableAttributedString.swift in Sources */,
				1810EC90222F5F2F00CF6488 /* DispatchQueueExtension.swift in Sources */,
				181788502238D73F0015DC30 /* HomePageNoticeCell.swift in Sources */,
				18026DF1223BA3B300993B66 /* NewlyBuildVisitSeleCell.swift in Sources */,
				180B77012239F8770096403B /* ProjectSegmentView.swift in Sources */,
				1810EC93222F5F5300CF6488 /* MainNavigationController.swift in Sources */,
				18026DEA223B8DB300993B66 /* CustomerHomeController.swift in Sources */,
				1830BE6322373C0D00ADC03A /* APIService.swift in Sources */,
				18A7C967223F438E000B4007 /* NewlyBuildVisitSeleController.swift in Sources */,
				1810EC95222F5F6F00CF6488 /* GlobalData.swift in Sources */,
				18A7C96D223F7E1B000B4007 /* NewlyBuildSeleCell.swift in Sources */,
				18A7C969223F7552000B4007 /* CustomerContactListModel.swift in Sources */,
				1810EC7D222F5D4100CF6488 /* UIImage.swift in Sources */,
				1817884A2238ABA90015DC30 /* ProjectHomeController.swift in Sources */,
				180273E7223B7ACC0033E083 /* WrokHomeCell.swift in Sources */,
				1810EC97222F5F9500CF6488 /* UserInfo.swift in Sources */,
				1833DD3A2241D9F600730FB9 /* VisitListModel.swift in Sources */,
				1810EC7C222F5D4100CF6488 /* UIButton.swift in Sources */,
				1811AA92224089BA0073A794 /* SeleVisitTimeView.swift in Sources */,
				181788522238E0B00015DC30 /* HomePageHeaderView.swift in Sources */,
				1817884E2238ADC00015DC30 /* MeHomeController.swift in Sources */,
				18A7C96F223F9828000B4007 /* SeleVisitModelView.swift in Sources */,
				1811AA942240E30D0073A794 /* ProjectListStatisticsModel.swift in Sources */,
			);
			runOnlyForDeploymentPostprocessing = 0;
		};
/* End PBXSourcesBuildPhase section */

/* Begin PBXVariantGroup section */
		1810EC54222F597D00CF6488 /* LaunchScreen.storyboard */ = {
			isa = PBXVariantGroup;
			children = (
				1810EC55222F597D00CF6488 /* Base */,
			);
			name = LaunchScreen.storyboard;
			sourceTree = "<group>";
		};
/* End PBXVariantGroup section */

/* Begin XCBuildConfiguration section */
		1810EC58222F597D00CF6488 /* Debug */ = {
			isa = XCBuildConfiguration;
			buildSettings = {
				ALWAYS_SEARCH_USER_PATHS = NO;
				CLANG_ANALYZER_NONNULL = YES;
				CLANG_ANALYZER_NUMBER_OBJECT_CONVERSION = YES_AGGRESSIVE;
				CLANG_CXX_LANGUAGE_STANDARD = "gnu++14";
				CLANG_CXX_LIBRARY = "libc++";
				CLANG_ENABLE_MODULES = YES;
				CLANG_ENABLE_OBJC_ARC = YES;
				CLANG_ENABLE_OBJC_WEAK = YES;
				CLANG_WARN_BLOCK_CAPTURE_AUTORELEASING = YES;
				CLANG_WARN_BOOL_CONVERSION = YES;
				CLANG_WARN_COMMA = YES;
				CLANG_WARN_CONSTANT_CONVERSION = YES;
				CLANG_WARN_DEPRECATED_OBJC_IMPLEMENTATIONS = YES;
				CLANG_WARN_DIRECT_OBJC_ISA_USAGE = YES_ERROR;
				CLANG_WARN_DOCUMENTATION_COMMENTS = YES;
				CLANG_WARN_EMPTY_BODY = YES;
				CLANG_WARN_ENUM_CONVERSION = YES;
				CLANG_WARN_INFINITE_RECURSION = YES;
				CLANG_WARN_INT_CONVERSION = YES;
				CLANG_WARN_NON_LITERAL_NULL_CONVERSION = YES;
				CLANG_WARN_OBJC_IMPLICIT_RETAIN_SELF = YES;
				CLANG_WARN_OBJC_LITERAL_CONVERSION = YES;
				CLANG_WARN_OBJC_ROOT_CLASS = YES_ERROR;
				CLANG_WARN_RANGE_LOOP_ANALYSIS = YES;
				CLANG_WARN_STRICT_PROTOTYPES = YES;
				CLANG_WARN_SUSPICIOUS_MOVE = YES;
				CLANG_WARN_UNGUARDED_AVAILABILITY = YES_AGGRESSIVE;
				CLANG_WARN_UNREACHABLE_CODE = YES;
				CLANG_WARN__DUPLICATE_METHOD_MATCH = YES;
				CODE_SIGN_IDENTITY = "iPhone Developer";
				COPY_PHASE_STRIP = NO;
				DEBUG_INFORMATION_FORMAT = dwarf;
				ENABLE_STRICT_OBJC_MSGSEND = YES;
				ENABLE_TESTABILITY = YES;
				GCC_C_LANGUAGE_STANDARD = gnu11;
				GCC_DYNAMIC_NO_PIC = NO;
				GCC_NO_COMMON_BLOCKS = YES;
				GCC_OPTIMIZATION_LEVEL = 0;
				GCC_PREPROCESSOR_DEFINITIONS = (
					"DEBUG=1",
					"$(inherited)",
				);
				GCC_WARN_64_TO_32_BIT_CONVERSION = YES;
				GCC_WARN_ABOUT_RETURN_TYPE = YES_ERROR;
				GCC_WARN_UNDECLARED_SELECTOR = YES;
				GCC_WARN_UNINITIALIZED_AUTOS = YES_AGGRESSIVE;
				GCC_WARN_UNUSED_FUNCTION = YES;
				GCC_WARN_UNUSED_VARIABLE = YES;
				IPHONEOS_DEPLOYMENT_TARGET = 12.0;
				MTL_ENABLE_DEBUG_INFO = INCLUDE_SOURCE;
				MTL_FAST_MATH = YES;
				ONLY_ACTIVE_ARCH = YES;
				SDKROOT = iphoneos;
				SWIFT_ACTIVE_COMPILATION_CONDITIONS = DEBUG;
				SWIFT_OPTIMIZATION_LEVEL = "-Onone";
			};
			name = Debug;
		};
		1810EC59222F597D00CF6488 /* Release */ = {
			isa = XCBuildConfiguration;
			buildSettings = {
				ALWAYS_SEARCH_USER_PATHS = NO;
				CLANG_ANALYZER_NONNULL = YES;
				CLANG_ANALYZER_NUMBER_OBJECT_CONVERSION = YES_AGGRESSIVE;
				CLANG_CXX_LANGUAGE_STANDARD = "gnu++14";
				CLANG_CXX_LIBRARY = "libc++";
				CLANG_ENABLE_MODULES = YES;
				CLANG_ENABLE_OBJC_ARC = YES;
				CLANG_ENABLE_OBJC_WEAK = YES;
				CLANG_WARN_BLOCK_CAPTURE_AUTORELEASING = YES;
				CLANG_WARN_BOOL_CONVERSION = YES;
				CLANG_WARN_COMMA = YES;
				CLANG_WARN_CONSTANT_CONVERSION = YES;
				CLANG_WARN_DEPRECATED_OBJC_IMPLEMENTATIONS = YES;
				CLANG_WARN_DIRECT_OBJC_ISA_USAGE = YES_ERROR;
				CLANG_WARN_DOCUMENTATION_COMMENTS = YES;
				CLANG_WARN_EMPTY_BODY = YES;
				CLANG_WARN_ENUM_CONVERSION = YES;
				CLANG_WARN_INFINITE_RECURSION = YES;
				CLANG_WARN_INT_CONVERSION = YES;
				CLANG_WARN_NON_LITERAL_NULL_CONVERSION = YES;
				CLANG_WARN_OBJC_IMPLICIT_RETAIN_SELF = YES;
				CLANG_WARN_OBJC_LITERAL_CONVERSION = YES;
				CLANG_WARN_OBJC_ROOT_CLASS = YES_ERROR;
				CLANG_WARN_RANGE_LOOP_ANALYSIS = YES;
				CLANG_WARN_STRICT_PROTOTYPES = YES;
				CLANG_WARN_SUSPICIOUS_MOVE = YES;
				CLANG_WARN_UNGUARDED_AVAILABILITY = YES_AGGRESSIVE;
				CLANG_WARN_UNREACHABLE_CODE = YES;
				CLANG_WARN__DUPLICATE_METHOD_MATCH = YES;
				CODE_SIGN_IDENTITY = "iPhone Developer";
				COPY_PHASE_STRIP = NO;
				DEBUG_INFORMATION_FORMAT = "dwarf-with-dsym";
				ENABLE_NS_ASSERTIONS = NO;
				ENABLE_STRICT_OBJC_MSGSEND = YES;
				GCC_C_LANGUAGE_STANDARD = gnu11;
				GCC_NO_COMMON_BLOCKS = YES;
				GCC_WARN_64_TO_32_BIT_CONVERSION = YES;
				GCC_WARN_ABOUT_RETURN_TYPE = YES_ERROR;
				GCC_WARN_UNDECLARED_SELECTOR = YES;
				GCC_WARN_UNINITIALIZED_AUTOS = YES_AGGRESSIVE;
				GCC_WARN_UNUSED_FUNCTION = YES;
				GCC_WARN_UNUSED_VARIABLE = YES;
				IPHONEOS_DEPLOYMENT_TARGET = 12.0;
				MTL_ENABLE_DEBUG_INFO = NO;
				MTL_FAST_MATH = YES;
				SDKROOT = iphoneos;
				SWIFT_COMPILATION_MODE = wholemodule;
				SWIFT_OPTIMIZATION_LEVEL = "-O";
				VALIDATE_PRODUCT = YES;
			};
			name = Release;
		};
		1810EC5B222F597D00CF6488 /* Debug */ = {
			isa = XCBuildConfiguration;
			baseConfigurationReference = 0E003D983006C53E47A888DA /* Pods-LanTuOA.debug.xcconfig */;
			buildSettings = {
				ASSETCATALOG_COMPILER_APPICON_NAME = AppIcon;
				CODE_SIGN_STYLE = Automatic;
				DEVELOPMENT_TEAM = CW23WUHD2A;
				INFOPLIST_FILE = LanTuOA/Resource/Info.plist;
				IPHONEOS_DEPLOYMENT_TARGET = 8.0;
				LD_RUNPATH_SEARCH_PATHS = (
					"$(inherited)",
					"@executable_path/Frameworks",
				);
				PRODUCT_BUNDLE_IDENTIFIER = Practice.LanTuOA;
				PRODUCT_NAME = "$(TARGET_NAME)";
				SWIFT_OBJC_BRIDGING_HEADER = LanTuOA/Other/Header.h;
				SWIFT_VERSION = 4.2;
				TARGETED_DEVICE_FAMILY = 1;
			};
			name = Debug;
		};
		1810EC5C222F597D00CF6488 /* Release */ = {
			isa = XCBuildConfiguration;
			baseConfigurationReference = CB24B3DA4D604F5B5FD3373A /* Pods-LanTuOA.release.xcconfig */;
			buildSettings = {
				ASSETCATALOG_COMPILER_APPICON_NAME = AppIcon;
				CODE_SIGN_STYLE = Automatic;
				DEVELOPMENT_TEAM = CW23WUHD2A;
				INFOPLIST_FILE = LanTuOA/Resource/Info.plist;
				IPHONEOS_DEPLOYMENT_TARGET = 8.0;
				LD_RUNPATH_SEARCH_PATHS = (
					"$(inherited)",
					"@executable_path/Frameworks",
				);
				PRODUCT_BUNDLE_IDENTIFIER = Practice.LanTuOA;
				PRODUCT_NAME = "$(TARGET_NAME)";
				SWIFT_OBJC_BRIDGING_HEADER = LanTuOA/Other/Header.h;
				SWIFT_VERSION = 4.2;
				TARGETED_DEVICE_FAMILY = 1;
			};
			name = Release;
		};
/* End XCBuildConfiguration section */

/* Begin XCConfigurationList section */
		1810EC43222F597C00CF6488 /* Build configuration list for PBXProject "LanTuOA" */ = {
			isa = XCConfigurationList;
			buildConfigurations = (
				1810EC58222F597D00CF6488 /* Debug */,
				1810EC59222F597D00CF6488 /* Release */,
			);
			defaultConfigurationIsVisible = 0;
			defaultConfigurationName = Release;
		};
		1810EC5A222F597D00CF6488 /* Build configuration list for PBXNativeTarget "LanTuOA" */ = {
			isa = XCConfigurationList;
			buildConfigurations = (
				1810EC5B222F597D00CF6488 /* Debug */,
				1810EC5C222F597D00CF6488 /* Release */,
			);
			defaultConfigurationIsVisible = 0;
			defaultConfigurationName = Release;
		};
/* End XCConfigurationList section */
	};
	rootObject = 1810EC40222F597C00CF6488 /* Project object */;
}
